{
  "name": "collabera-shop-task",
  "version": "1.0.0",
  "lockfileVersion": 3,
  "requires": true,
  "packages": {
    "": {
      "name": "collabera-shop-task",
      "version": "1.0.0",
      "license": "MIT",
      "dependencies": {
        "@creativebulma/bulma-badge": "^1.0.1",
        "bulma": "^0.9.4"
      }
    },
    "node_modules/@creativebulma/bulma-badge": {
      "version": "1.0.1",
      "resolved": "https://registry.npmjs.org/@creativebulma/bulma-badge/-/bulma-badge-1.0.1.tgz",
      "integrity": "sha512-cTMgxPdTOsAfPqd9wbrvKNUTvnIt+pNgwwO9Xzu6MRUIFlvGRtIVApaV51f3wt0/uI78BpKv5FPAtEJbmSTZOg=="
    },
    "node_modules/bulma": {
      "version": "0.9.4",
      "resolved": "https://registry.npmjs.org/bulma/-/bulma-0.9.4.tgz",
      "integrity": "sha512-86FlT5+1GrsgKbPLRRY7cGDg8fsJiP/jzTqXXVqiUZZ2aZT8uemEOHlU1CDU+TxklPEZ11HZNNWclRBBecP4CQ=="
    }
  }
}
